
Microsoft Visual Studio Solution File, Format Version 12.00
# Visual Studio Version 16
VisualStudioVersion = 16.0.30011.22
MinimumVisualStudioVersion = 10.0.40219.1
Project("{FAE04EC0-301F-11D3-BF4B-00C04F79EFBC}") = "XMLDatabase", "XMLDatabase\XMLDatabase.csproj", "{70F9F4F5-A133-4E6A-9885-366FEA130DD0}"
EndProject
Global
	GlobalSection(SolutionConfigurationPlatforms) = preSolution
		Debug|Any CPU = Debug|Any CPU
		Release|Any CPU = Release|Any CPU
	EndGlobalSection
	GlobalSection(ProjectConfigurationPlatforms) = postSolution
		{70F9F4F5-A133-4E6A-9885-366FEA130DD0}.Debug|Any CPU.ActiveCfg = Debug|Any CPU
		{70F9F4F5-A133-4E6A-9885-366FEA130DD0}.Debug|Any CPU.Build.0 = Debug|Any CPU
		{70F9F4F5-A133-4E6A-9885-366FEA130DD0}.Release|Any CPU.ActiveCfg = Release|Any CPU
		{70F9F4F5-A133-4E6A-9885-366FEA130DD0}.Release|Any CPU.Build.0 = Release|Any CPU
	EndGlobalSection
	GlobalSection(SolutionProperties) = preSolution
		HideSolutionNode = FALSE
	EndGlobalSection
	GlobalSection(ExtensibilityGlobals) = postSolution
		SolutionGuid = {1A760B5A-A066-4335-B1B1-4741BA8C6AD5}
	EndGlobalSection
EndGlobal
